
Microsoft Visual Studio Solution File, Format Version 12.00
# Visual Studio Version 16
VisualStudioVersion = 16.0.30717.126
MinimumVisualStudioVersion = 10.0.40219.1
Project("{FAE04EC0-301F-11D3-BF4B-00C04F79EFBC}") = "BibliotecaWin", "BibliotecaWin\BibliotecaWin.csproj", "{0C3BEFEC-E70D-4C73-A2B3-CB6228D5A2DC}"
EndProject
Global
	GlobalSection(SolutionConfigurationPlatforms) = preSolution
		Debug|Any CPU = Debug|Any CPU
		Release|Any CPU = Release|Any CPU
	EndGlobalSection
	GlobalSection(ProjectConfigurationPlatforms) = postSolution
		{0C3BEFEC-E70D-4C73-A2B3-CB6228D5A2DC}.Debug|Any CPU.ActiveCfg = Debug|Any CPU
		{0C3BEFEC-E70D-4C73-A2B3-CB6228D5A2DC}.Debug|Any CPU.Build.0 = Debug|Any CPU
		{0C3BEFEC-E70D-4C73-A2B3-CB6228D5A2DC}.Release|Any CPU.ActiveCfg = Release|Any CPU
		{0C3BEFEC-E70D-4C73-A2B3-CB6228D5A2DC}.Release|Any CPU.Build.0 = Release|Any CPU
	EndGlobalSection
	GlobalSection(SolutionProperties) = preSolution
		HideSolutionNode = FALSE
	EndGlobalSection
	GlobalSection(ExtensibilityGlobals) = postSolution
		SolutionGuid = {FC8309ED-96C2-4582-A1C0-73781D73D44E}
	EndGlobalSection
EndGlobal
